github.com/aws/aws-sdk-go-v2 v1.36.1 h1:iTDl5U6oAhkNPba0e1t1hrwAo02ZMqbrGq4k5JBWM5E=
github.com/aws/aws-sdk-go-v2 v1.36.1/go.mod h1:5PMILGVKiW32oDzjj6RU52yrNrDPUHcbZQYr1sM7qmM=
github.com/aws/aws-sdk-go-v2/aws/protocol/eventstream v1.6.8 h1:zAxi9p3wsZMIaVCdoiQp2uZ9k1LsZvmAnoTBeZPXom0=
github.com/aws/aws-sdk-go-v2/aws/protocol/eventstream v1.6.8/go.mod h1:3XkePX5dSaxveLAYY7nsbsZZrKxCyEuE5pM4ziFxyGg=
github.com/aws/aws-sdk-go-v2/credentials v1.17.59 h1:9btwmrt//Q6JcSdgJOLI98sdr5p7tssS9yAsGe8aKP4=
github.com/aws/aws-sdk-go-v2/credentials v1.17.59/go.mod h1:NM8fM6ovI3zak23UISdWidyZuI1ghNe2xjzUZAyT+08=
github.com/aws/aws-sdk-go-v2/internal/configsources v1.3.32 h1:BjUcr3X3K0wZPGFg2bxOWW3VPN8rkE3/61zhP+IHviA=
github.com/aws/aws-sdk-go-v2/internal/configsources v1.3.32/go.mod h1:80+OGC/bgzzFFTUmcuwD0lb4YutwQeKLFpmt6hoWapU=
github.com/aws/aws-sdk-go-v2/internal/endpoints/v2 v2.6.32 h1:m1GeXHVMJsRsUAqG6HjZWx9dj7F5TR+cF1bjyfYyBd4=
github.com/aws/aws-sdk-go-v2/internal/endpoints/v2 v2.6.32/go.mod h1:IitoQxGfaKdVLNg0hD8/DXmAqNy0H4K2H2Sf91ti8sI=
github.com/aws/aws-sdk-go-v2/internal/v4a v1.3.32 h1:OIHj/nAhVzIXGzbAE+4XmZ8FPvro3THr6NlqErJc3wY=
github.com/aws/aws-sdk-go-v2/internal/v4a v1.3.32/go.mod h1:LiBEsDo34OJXqdDlRGsilhlIiXR7DL+6Cx2f4p1EgzI=
github.com/aws/aws-sdk-go-v2/service/internal/accept-encoding v1.12.2 h1:D4oz8/CzT9bAEYtVhSBmFj2dNOtaHOtMKc2vHBwYizA=
github.com/aws/aws-sdk-go-v2/service/internal/accept-encoding v1.12.2/go.mod h1:Za3IHqTQ+yNcRHxu1OFucBh0ACZT4j4VQFF0BqpZcLY=
github.com/aws/aws-sdk-go-v2/service/internal/checksum v1.5.6 h1:cCBJaT7EeEojpJ4s7wTDbhZlHVJOgNHN7iw6qVurGaw=
github.com/aws/aws-sdk-go-v2/service/internal/checksum v1.5.6/go.mod h1:WYH1ABybY7JK9TITPnk6ZlP7gQB8psI4c9qDmMsnLSA=
github.com/aws/aws-sdk-go-v2/service/internal/presigned-url v1.12.13 h1:SYVGSFQHlchIcy6e7x12bsrxClCXSP5et8cqVhL8cuw=
github.com/aws/aws-sdk-go-v2/service/internal/presigned-url v1.12.13/go.mod h1:kizuDaLX37bG5WZaoxGPQR/LNFXpxp0vsUnqfkWXfNE=
github.com/aws/aws-sdk-go-v2/service/internal/s3shared v1.18.13 h1:OBsrtam3rk8NfBEq7OLOMm5HtQ9Yyw32X4UQMya/wjw=
github.com/aws/aws-sdk-go-v2/service/internal/s3shared v1.18.13/go.mod h1:3U4gFA5pmoCOja7aq4nSaIAGbaOHv2Yl2ug018cmC+Q=
github.com/aws/aws-sdk-go-v2/service/s3 v1.76.0 h1:ehvUZNVrGA1Usa6yYo8A8pUqrigRelWXSbcCqYpRLeI=
github.com/aws/aws-sdk-go-v2/service/s3 v1.76.0/go.mod h1:KuLNrwYJFaC2AVZ+CVVc12k9NyqwgWsoNNHjwqF6QNk=
github.com/aws/smithy-go v1.22.2 h1:6D9hW43xKFrRx/tXXfAlIZc4JI+yQe6snnWcQyxSyLQ=
github.com/aws/smithy-go v1.22.2/go.mod h1:irrKGvNn1InZwb2d7fkIRNucdfwR8R+Ts3wxYa/cJHg=
github.com/google/gopacket v1.1.19 h1:ves8RnFZPGiFnTS0uPQStjwru6uO6h+nlr9j6fL7kF8=
github.com/google/gopacket v1.1.19/go.mod h1:iJ8V8n6KS+z2U1A8pUwu8bW5SyEMkXJB8Yo/Vo+TKTo=
golang.org/x/crypto v0.0.0-20190308221718-c2843e01d9a2/go.mod h1:djNgcEr1/C05ACkg1iLfiJU5Ep61QUkGW8qpdssI0+w=
golang.org/x/crypto v0.0.0-20191011191535-87dc89f01550/go.mod h1:yigFU9vqHzYiE8UmvKecakEJjdnWj3jj499lnFckfCI=
golang.org/x/lint v0.0.0-20200302205851-738671d3881b/go.mod h1:3xt1FjdF8hUf6vQPIChWIBhFzV8gjjsPE/fR3IyQdNY=
golang.org/x/mod v0.1.1-0.20191105210325-c90efee705ee/go.mod h1:QqPTAvyqsEbceGzBzNggFXnrqF1CaUcvgkdR5Ot7KZg=
golang.org/x/net v0.0.0-20190404232315-eb5bcb51f2a3/go.mod h1:t9HGtf8HONx5eT2rtn7q6eTqICYqUVnKs3thJo3Qplg=
golang.org/x/net v0.0.0-20190620200207-3b0461eec859/go.mod h1:z5CRVTTTmAJ677TzLLGU+0bjPO0LkuOLi4/5GtJWs/s=
golang.org/x/net v0.34.0 h1:Mb7Mrk043xzHgnRM88suvJFwzVrRfHEHJEl5/71CKw0=
golang.org/x/net v0.34.0/go.mod h1:di0qlW3YNM5oh6GqDGQr92MyTozJPmybPK4Ev/Gm31k=
golang.org/x/sync v0.0.0-20190423024810-112230192c58/go.mod h1:RxMgew5VJxzue5/jJTE5uejpjVlOe/izrB70Jof72aM=
golang.org/x/sys v0.0.0-20190215142949-d0b11bdaac8a/go.mod h1:STP8DvDyc/dI5b8T5hshtkjS+E42TnysNCUPdjciGhY=
golang.org/x/sys v0.0.0-20190412213103-97732733099d/go.mod h1:h1NjWce9XRLGQEsW7wpKNCjG9DtNlClVuFLEZdDNbEs=
golang.org/x/sys v0.30.0 h1:QjkSwP/36a20jFYWkSue1YwXzLmsV5Gfq7Eiy72C1uc=
golang.org/x/sys v0.30.0/go.mod h1:/VUhepiaJMQUp4+oa/7Zr1D23ma6VTLIYjOOTFZPUcA=
golang.org/x/text v0.3.0/go.mod h1:NqM8EUOU14njkJ3fqMW+pc6Ldnwhi/IjpwHt7yyuwOQ=
golang.org/x/tools v0.0.0-20200130002326-2f3ba24bd6e7/go.mod h1:TB2adYChydJhpapKDTa4BR/hXlZSLoq2Wpct/0txZ28=
golang.org/x/xerrors v0.0.0-20191011141410-1b5146add898/go.mod h1:I/5z698sn9Ka8TeJc9MKroUUfqBBauWjQqLJ2OPfmY0=
